{"1.2.0",
[{<<"alara">>,{pkg,<<"alara">>,<<"0.1.8">>},1},
 {<<"alara_uuid">>,{pkg,<<"alara_uuid">>,<<"0.1.3">>},0},
 {<<"cowlib">>,{pkg,<<"cowlib">>,<<"2.13.0">>},2},
 {<<"em_filter">>,{pkg,<<"em_filter">>,<<"1.2.4">>},0},
 {<<"gun">>,{pkg,<<"gun">>,<<"2.1.0">>},1}]}.
[
{pkg_hash,[
 {<<"alara">>, <<"52462A728E5BF0EACE3FBB6FA83B3714A051FFF8ED7C6758727199C80EEBC9E1">>},
 {<<"alara_uuid">>, <<"AB6FDDEB0530A873703B1C65EA7E9EA28CD0AF9520EB9F7E198AB231898B8776">>},
 {<<"cowlib">>, <<"DB8F7505D8332D98EF50A3EF34B34C1AFDDEC7506E4EE4DD4A3A266285D282CA">>},
 {<<"em_filter">>, <<"31A89C505072F38D01406AA8FF68722195BA4D4F4854BBC6B4E247A1E7DC2756">>},
 {<<"gun">>, <<"B4E4CBBF3026D21981C447E9E7CA856766046EFF693720BA43114D7F5DE36E87">>}]},
{pkg_hash_ext,[
 {<<"alara">>, <<"DCB64528681FD1AE9F98B3949DAA60FCA2B83CE6910E47FE4D217994EC0F7CB3">>},
 {<<"alara_uuid">>, <<"A8E28F353D8719EDAF3A04831CE9F80C3F468ADF781F74A01A4E5D04CF8CE2AF">>},
 {<<"cowlib">>, <<"E1E1284DC3FC030A64B1AD0D8382AE7E99DA46C3246B815318A4B848873800A4">>},
 {<<"em_filter">>, <<"80C1A5DA63658F29A2FC393ED5B2D865C7CD0769D8E9D15D6DD3307551329E02">>},
 {<<"gun">>, <<"52FC7FC246BFC3B00E01AEA1C2854C70A366348574AB50C57DFE796D24A0101D">>}]}
].
